%{
  "base64url": {:hex, :base64url, "0.0.1", "36a90125f5948e3afd7be97662a1504b934dd5dac78451ca6e9abf85a10286be", [:rebar], [], "hexpm", "fab09b20e3f5db886725544cbcf875b8e73ec93363954eb8a1a9ed834aa8c1f9"},
  "cache_tab": {:hex, :cache_tab, "1.0.12", "a06a4ffbd4da8469791ba941512a6a45ed8c11865b4606a368e21b332da3638a", [:rebar3], [{:p1_utils, "1.0.10", [hex: :p1_utils, repo: "hexpm", optional: false]}], "hexpm", "ca48913b8b9b9d7f810b74aef363e53b44d9e28df97cbf440c96cd38ee33faf4"},
  "certifi": {:hex, :certifi, "2.0.0", "a0c0e475107135f76b8c1d5bc7efb33cd3815cb3cf3dea7aefdd174dabead064", [:rebar3], [], "hexpm", "fdc6066ceeccb3aa14049ab6edf0b9af3b64ae1b0db2a92d5c52146f373bbb1c"},
  "connection": {:hex, :connection, "1.0.4", "a1cae72211f0eef17705aaededacac3eb30e6625b04a6117c1b2db6ace7d5976", [:mix], [], "hexpm", "4a0850c9be22a43af9920a71ab17c051f5f7d45c209e40269a1938832510e4d9"},
  "distillery": {:hex, :distillery, "1.5.5", "c6132d5c0152bdce6850fb6c942d58f1971b169b6965d908dc4e8767cfa51a95", [:mix], [], "hexpm", "ddc86cf2c660a52a4ddc50fe408b9fc066d8a8e2d34e5db8a916366b92048831"},
  "earmark": {:hex, :earmark, "1.2.4", "99b637c62a4d65a20a9fb674b8cffb8baa771c04605a80c911c4418c69b75439", [:mix], [], "hexpm", "1b34655872366414f69dd987cb121c049f76984b6ac69f52fff6d8fd64d29cfd"},
  "eimp": {:git, "https://github.com/processone/eimp.git", "c7201d18c360b89faf2c827bf3ab2acc1c10b812", [ref: "c7201d18"]},
  "ejabberd": {:git, "https://github.com/scrogson/ejabberd.git", "5d582080be0b293e449daa883fb0e3d18447905b", [branch: "fix_mix_compile"]},
  "esip": {:hex, :esip, "1.0.16", "16ab569bd192ead1e89b4f78020fa348fec78ad99a7ce5ca6d510da9ec3748d6", [:rebar3], [{:fast_tls, "1.0.16", [hex: :fast_tls, repo: "hexpm", optional: false]}, {:p1_utils, "1.0.10", [hex: :p1_utils, repo: "hexpm", optional: false]}, {:stun, "1.0.15", [hex: :stun, repo: "hexpm", optional: false]}], "hexpm", "7b1c264cd0ecfc73a750afb9089606ba718c2cadad795c7d89ee923156de3fa1"},
  "ex_doc": {:hex, :ex_doc, "0.18.1", "37c69d2ef62f24928c1f4fdc7c724ea04aecfdf500c4329185f8e3649c915baf", [:mix], [{:earmark, "~> 1.1", [hex: :earmark, repo: "hexpm", optional: false]}], "hexpm", "f050061c87ad39478c942995b5a20c40f2c0bc06525404613b8b0474cb8bd796"},
  "excoveralls": {:hex, :excoveralls, "0.8.0", "99d2691d3edf8612f128be3f9869c4d44b91c67cec92186ce49470ae7a7404cf", [:mix], [{:exjsx, ">= 3.0.0", [hex: :exjsx, repo: "hexpm", optional: false]}, {:hackney, ">= 0.12.0", [hex: :hackney, repo: "hexpm", optional: false]}], "hexpm", "74bdeec4a69d4b41f2099c73e25d3b210685702ed52ccc31df66a3597ebe6675"},
  "exjsx": {:hex, :exjsx, "4.0.0", "60548841e0212df401e38e63c0078ec57b33e7ea49b032c796ccad8cde794b5c", [:mix], [{:jsx, "~> 2.8.0", [hex: :jsx, repo: "hexpm", optional: false]}], "hexpm", "32e95820a97cffea67830e91514a2ad53b888850442d6d395f53a1ac60c82e07"},
  "ezlib": {:hex, :ezlib, "1.0.7", "c8adffd32e66831df77955d163d705cdcf0a3d66762e6f68f8123012e714bf05", [:rebar3], [], "hexpm", "5634b9f7112837f9338a61da1993601f4ab81615de84ff0baddcdc5a3fe940dc"},
  "fast_tls": {:hex, :fast_tls, "1.0.16", "cdb1546656e19ac087739356e5bb31e38ec28310573f60d95244987c1d832e1e", [:rebar3], [{:p1_utils, "1.0.10", [hex: :p1_utils, repo: "hexpm", optional: false]}], "hexpm", "6df15539f2d9cfdf6181effcfa79ed968ab4f07c2148c75fd6febfa018f8fb08"},
  "fast_xml": {:hex, :fast_xml, "1.1.24", "66f0d9fc52a862013806c1474b3335a818a33156f68f83c6538a17b6a26db422", [:rebar3], [{:p1_utils, "1.0.10", [hex: :p1_utils, repo: "hexpm", optional: false]}], "hexpm", "bcfc69ea98aefb400efd7dd92754cece7855d071a41a9a00eea005502060b948"},
  "fast_yaml": {:hex, :fast_yaml, "1.0.12", "ee8527d388255cf7a24fc1e6cb2d09dca4e506966dd9d86e61d3d90f236a3e2e", [:rebar3], [{:p1_utils, "1.0.10", [hex: :p1_utils, repo: "hexpm", optional: false]}], "hexpm", "27e03390e9c508d2e3de10049c63e348740ce730585d1c75eb9d67e68f0be16f"},
  "fs": {:hex, :fs, "3.4.0", "6d18575c250b415b3cad559e6f97a4c822516c7bc2c10bfbb2493a8f230f5132", [:rebar3], [], "hexpm", "94ee6e298db543a861faa1911b9a9a1d1bdc58da03fbe8d991e83e6c9551595f"},
  "goldrush": {:hex, :goldrush, "0.1.9", "f06e5d5f1277da5c413e84d5a2924174182fb108dabb39d5ec548b27424cd106", [:rebar3], [], "hexpm", "99cb4128cffcb3227581e5d4d803d5413fa643f4eb96523f77d9e6937d994ceb"},
  "hackney": {:hex, :hackney, "1.11.0", "4951ee019df102492dabba66a09e305f61919a8a183a7860236c0fde586134b6", [:rebar3], [{:certifi, "2.0.0", [hex: :certifi, repo: "hexpm", optional: false]}, {:idna, "5.1.0", [hex: :idna, repo: "hexpm", optional: false]}, {:metrics, "1.0.1", [hex: :metrics, repo: "hexpm", optional: false]}, {:mimerl, "1.0.2", [hex: :mimerl, repo: "hexpm", optional: false]}, {:ssl_verify_fun, "1.1.1", [hex: :ssl_verify_fun, repo: "hexpm", optional: false]}], "hexpm", "bb3cc62ecc10145f8f0965c05083a5278eae7ef1853d340cc9a7a3e27609b9bd"},
  "iconv": {:hex, :iconv, "1.0.6", "3b424a80039059767f1037dc6a49ff07c2f88df14068c16dc938c4f377a77b4c", [:rebar3], [{:p1_utils, "1.0.10", [hex: :p1_utils, repo: "hexpm", optional: false]}], "hexpm", "3a5129f9709b46a46faef492fdd2e11e1abbdb08df622e4b0c39a75947dbcdc8"},
  "idna": {:hex, :idna, "5.1.0", "d72b4effeb324ad5da3cab1767cb16b17939004e789d8c0ad5b70f3cea20c89a", [:rebar3], [{:unicode_util_compat, "0.3.1", [hex: :unicode_util_compat, repo: "hexpm", optional: false]}], "hexpm", "fc1a2f7340c422650504b1662f28fdf381f34cbd30664e8491744e52c9511d40"},
  "jiffy": {:hex, :jiffy, "0.14.13", "225a9a35e26417832c611526567194b4d3adc4f0dfa5f2f7008f4684076f2a01", [:rebar3], [], "hexpm", "be5f0b124d03284b79fa90e07c3cf7a04be1a6111e97e0c9059e3cc0c7aac11a"},
  "jose": {:hex, :jose, "1.10.1", "16d8e460dae7203c6d1efa3f277e25b5af8b659febfc2f2eb4bacf87f128b80a", [:mix, :rebar3], [], "hexpm", "3c7ddc8a9394b92891db7c2771da94bf819834a1a4c92e30857b7d582e2f8257"},
  "jsx": {:hex, :jsx, "2.8.3", "a05252d381885240744d955fbe3cf810504eb2567164824e19303ea59eef62cf", [:mix, :rebar3], [], "hexpm", "fc3499fed7a726995aa659143a248534adc754ebd16ccd437cd93b649a95091f"},
  "lager": {:hex, :lager, "3.4.2", "150b9a17b23ae6d3265cc10dc360747621cf217b7a22b8cddf03b2909dbf7aa5", [:rebar3], [{:goldrush, "0.1.9", [hex: :goldrush, repo: "hexpm", optional: false]}], "hexpm", "3ab0fc58e3bb5a9601fb9ad8779e40e15d86d262b61f1ff1b37d007abe3579ec"},
  "metrics": {:hex, :metrics, "1.0.1", "25f094dea2cda98213cecc3aeff09e940299d950904393b2a29d191c346a8486", [:rebar3], [], "hexpm", "69b09adddc4f74a40716ae54d140f93beb0fb8978d8636eaded0c31b6f099f16"},
  "mimerl": {:hex, :mimerl, "1.0.2", "993f9b0e084083405ed8252b99460c4f0563e41729ab42d9074fd5e52439be88", [:rebar3], [], "hexpm", "7a4c8e1115a2732a67d7624e28cf6c9f30c66711a9e92928e745c255887ba465"},
  "p1_mysql": {:hex, :p1_mysql, "1.0.14", "ea2d58d0551d62fce9882f65fc7e0273ae6d683ab277aad657a661f514411198", [:rebar3], [], "hexpm", "70df0680b71118ace166e59fbf8be19058be3c3918bc3b7ede6e1f297a4a9dbe"},
  "p1_oauth2": {:hex, :p1_oauth2, "0.6.6", "b17053bd7a34621f9a1a7327285a3e37abd38eb1d176afccc8cfc39882ff0a44", [:rebar3], [], "hexpm", "8a5fd16fc581a50e62176ab8b78b83b6e7cc6f76f7f59f75f58d713b7c1ca7b2"},
  "p1_pgsql": {:hex, :p1_pgsql, "1.1.9", "07ff9b037954dec06b4e30e33a82ac69a5a513e2860d2e59b7f6f4af23493c45", [:rebar3], [], "hexpm", "81aab8cff0203250dd3d9cc77a0232dc9f8e56c99fd742abbaedc51a0fd633a7"},
  "p1_utils": {:hex, :p1_utils, "1.0.10", "a6d6927114bac79cf6468a10824125492034af7071adc6ed5ebc4ddb443845d4", [:rebar3], [], "hexpm", "ae233361d6e63ea79188ac8a81315424655ca96e02e8c85bb4920750834b4205"},
  "ssl_verify_fun": {:hex, :ssl_verify_fun, "1.1.1", "28a4d65b7f59893bc2c7de786dec1e1555bd742d336043fe644ae956c3497fbe", [:make, :rebar], [], "hexpm", "4f8805eb5c8a939cf2359367cb651a3180b27dfb48444846be2613d79355d65e"},
  "stringprep": {:hex, :stringprep, "1.0.10", "552d784eb60652220fce9131f8bb0ebc62fdffd6482c4f08f2e7d61300227c28", [:rebar3], [{:p1_utils, "1.0.10", [hex: :p1_utils, repo: "hexpm", optional: false]}], "hexpm", "05204bea4282e5094b36d4ec06a7e44cb73c05d5b5a0baf550d88225b9e78a62"},
  "stun": {:hex, :stun, "1.0.15", "51f287c9dfba61a7e5b99f398e6fe1c74d6a4c50f74a66bcce592c23291da116", [:rebar3], [{:fast_tls, "1.0.16", [hex: :fast_tls, repo: "hexpm", optional: false]}, {:p1_utils, "1.0.10", [hex: :p1_utils, repo: "hexpm", optional: false]}], "hexpm", "b54e662377cae78200c7c238c9f0303e33845b1c38c608a3d6dc3fcf98ce7d55"},
  "unicode_util_compat": {:hex, :unicode_util_compat, "0.3.1", "a1f612a7b512638634a603c8f401892afbf99b8ce93a45041f8aaca99cadb85e", [:rebar3], [], "hexpm", "da1d9bef8a092cc7e1e51f1298037a5ddfb0f657fe862dfe7ba4c5807b551c29"},
  "xmpp": {:hex, :xmpp, "1.1.15", "1530e57cf4c62f56bdb9de394839f71e9575c4c1d3d045d89e821b061df89978", [:rebar3], [{:fast_xml, "1.1.24", [hex: :fast_xml, repo: "hexpm", optional: false]}, {:p1_utils, "1.0.10", [hex: :p1_utils, repo: "hexpm", optional: false]}, {:stringprep, "1.0.10", [hex: :stringprep, repo: "hexpm", optional: false]}], "hexpm", "bef53d309d5318a7fc12595590322ddd9b073817b6db3a0acecfa307a4962903"},
}
